{
  "name": "@nvidia/nemoclaw-review-advisor",
  "version": "0.1.0",
  "lockfileVersion": 3,
  "requires": true,
  "packages": {
    "": {
      "name": "@nvidia/nemoclaw-review-advisor",
      "version": "0.1.0",
      "license": "Apache-2.0",
      "bin": {
        "nemoclaw-review-advisor": "installer/bin/cli.mjs"
      },
      "engines": {
        "node": ">=22.19.0"
      }
    }
  }
}
